
Microsoft Visual Studio Solution File, Format Version 12.00
# Visual Studio Version 16
VisualStudioVersion = 16.0.29920.165
MinimumVisualStudioVersion = 10.0.40219.1
Project("{FAE04EC0-301F-11D3-BF4B-00C04F79EFBC}") = "CarApp", "CarApp\CarApp.csproj", "{4AB47065-DCF5-4B16-8315-B4FBFC0E14D0}"
EndProject
Global
	GlobalSection(SolutionConfigurationPlatforms) = preSolution
		Debug|Any CPU = Debug|Any CPU
		Release|Any CPU = Release|Any CPU
	EndGlobalSection
	GlobalSection(ProjectConfigurationPlatforms) = postSolution
		{4AB47065-DCF5-4B16-8315-B4FBFC0E14D0}.Debug|Any CPU.ActiveCfg = Debug|Any CPU
		{4AB47065-DCF5-4B16-8315-B4FBFC0E14D0}.Debug|Any CPU.Build.0 = Debug|Any CPU
		{4AB47065-DCF5-4B16-8315-B4FBFC0E14D0}.Release|Any CPU.ActiveCfg = Release|Any CPU
		{4AB47065-DCF5-4B16-8315-B4FBFC0E14D0}.Release|Any CPU.Build.0 = Release|Any CPU
	EndGlobalSection
	GlobalSection(SolutionProperties) = preSolution
		HideSolutionNode = FALSE
	EndGlobalSection
	GlobalSection(ExtensibilityGlobals) = postSolution
		SolutionGuid = {4BA9EAA3-9E55-4053-B99C-7F3809A03AFE}
	EndGlobalSection
EndGlobal
